PODS:
  - SwiftyJSON (2.3.2)
  - ViewModelKit (0.0.4)

DEPENDENCIES:
  - SwiftyJSON
  - ViewModelKit (from `../`)

EXTERNAL SOURCES:
  ViewModelKit:
    :path: "../"

SPEC CHECKSUMS:
  SwiftyJSON: 04ccea08915aa0109039157c7974cf0298da292a
  ViewModelKit: dfd1d29eb42473f246684655771cbd073f58ef6c

COCOAPODS: 0.39.0
